
Microsoft Visual Studio Solution File, Format Version 12.00
# Visual Studio 14
VisualStudioVersion = 14.0.25420.1
MinimumVisualStudioVersion = 10.0.40219.1
Project("{FAE04EC0-301F-11D3-BF4B-00C04F79EFBC}") = "SimpleIocContainer", "SimpleIocContainer\SimpleIocContainer.csproj", "{592D5F1D-CE3B-46DC-9A74-47A3F31EDB08}"
EndProject
Project("{FAE04EC0-301F-11D3-BF4B-00C04F79EFBC}") = "SimpleContainer.UnitTest", "SimpleContainer.UnitTest\SimpleContainer.UnitTest.csproj", "{564F0372-E2E9-4FC2-9644-46D1A1617D79}"
EndProject
Global
	GlobalSection(SolutionConfigurationPlatforms) = preSolution
		Debug|Any CPU = Debug|Any CPU
		Release|Any CPU = Release|Any CPU
	EndGlobalSection
	GlobalSection(ProjectConfigurationPlatforms) = postSolution
		{592D5F1D-CE3B-46DC-9A74-47A3F31EDB08}.Debug|Any CPU.ActiveCfg = Debug|Any CPU
		{592D5F1D-CE3B-46DC-9A74-47A3F31EDB08}.Debug|Any CPU.Build.0 = Debug|Any CPU
		{592D5F1D-CE3B-46DC-9A74-47A3F31EDB08}.Release|Any CPU.ActiveCfg = Release|Any CPU
		{592D5F1D-CE3B-46DC-9A74-47A3F31EDB08}.Release|Any CPU.Build.0 = Release|Any CPU
		{564F0372-E2E9-4FC2-9644-46D1A1617D79}.Debug|Any CPU.ActiveCfg = Debug|Any CPU
		{564F0372-E2E9-4FC2-9644-46D1A1617D79}.Debug|Any CPU.Build.0 = Debug|Any CPU
		{564F0372-E2E9-4FC2-9644-46D1A1617D79}.Release|Any CPU.ActiveCfg = Release|Any CPU
		{564F0372-E2E9-4FC2-9644-46D1A1617D79}.Release|Any CPU.Build.0 = Release|Any CPU
	EndGlobalSection
	GlobalSection(SolutionProperties) = preSolution
		HideSolutionNode = FALSE
	EndGlobalSection
EndGlobal
